
Microsoft Visual Studio Solution File, Format Version 12.00
# Visual Studio Version 17
VisualStudioVersion = 17.12.35527.113 d17.12
MinimumVisualStudioVersion = 10.0.40219.1
Project("{FAE04EC0-301F-11D3-BF4B-00C04F79EFBC}") = "Laba2_TPOAS", "Laba2_TPOAS\Laba2_TPOAS.csproj", "{1B6EF2EC-6C7D-4A4C-8600-02A6C2700325}"
EndProject
Project("{FAE04EC0-301F-11D3-BF4B-00C04F79EFBC}") = "Angles", "Angles\Angles.csproj", "{376AA00B-8229-40AF-A874-9234B739B9D1}"
EndProject
Global
	GlobalSection(SolutionConfigurationPlatforms) = preSolution
		Debug|Any CPU = Debug|Any CPU
		Release|Any CPU = Release|Any CPU
	EndGlobalSection
	GlobalSection(ProjectConfigurationPlatforms) = postSolution
		{1B6EF2EC-6C7D-4A4C-8600-02A6C2700325}.Debug|Any CPU.ActiveCfg = Debug|Any CPU
		{1B6EF2EC-6C7D-4A4C-8600-02A6C2700325}.Debug|Any CPU.Build.0 = Debug|Any CPU
		{1B6EF2EC-6C7D-4A4C-8600-02A6C2700325}.Release|Any CPU.ActiveCfg = Release|Any CPU
		{1B6EF2EC-6C7D-4A4C-8600-02A6C2700325}.Release|Any CPU.Build.0 = Release|Any CPU
		{376AA00B-8229-40AF-A874-9234B739B9D1}.Debug|Any CPU.ActiveCfg = Debug|Any CPU
		{376AA00B-8229-40AF-A874-9234B739B9D1}.Debug|Any CPU.Build.0 = Debug|Any CPU
		{376AA00B-8229-40AF-A874-9234B739B9D1}.Release|Any CPU.ActiveCfg = Release|Any CPU
		{376AA00B-8229-40AF-A874-9234B739B9D1}.Release|Any CPU.Build.0 = Release|Any CPU
	EndGlobalSection
	GlobalSection(SolutionProperties) = preSolution
		HideSolutionNode = FALSE
	EndGlobalSection
EndGlobal
